// !$*UTF8*$!
{
	archiveVersion = 1;
	classes = {
	};
	objectVersion = 56;
	objects = {

/* Begin PBXBuildFile section */
		8A3E848A2958566000D4DB99 /* AppDelegate.swift in Sources */ = {isa = PBXBuildFile; fileRef = 8A3E84892958566000D4DB99 /* AppDelegate.swift */; };
		8A3E848C2958566000D4DB99 /* SceneDelegate.swift in Sources */ = {isa = PBXBuildFile; fileRef = 8A3E848B2958566000D4DB99 /* SceneDelegate.swift */; };
		8A3E848E2958566000D4DB99 /* MainViewController.swift in Sources */ = {isa = PBXBuildFile; fileRef = 8A3E848D2958566000D4DB99 /* MainViewController.swift */; };
		8A3E84912958566000D4DB99 /* Main.storyboard in Resources */ = {isa = PBXBuildFile; fileRef = 8A3E848F2958566000D4DB99 /* Main.storyboard */; };
		8A3E84932958566100D4DB99 /* Assets.xcassets in Resources */ = {isa = PBXBuildFile; fileRef = 8A3E84922958566100D4DB99 /* Assets.xcassets */; };
		8A3E84962958566100D4DB99 /* LaunchScreen.storyboard in Resources */ = {isa = PBXBuildFile; fileRef = 8A3E84942958566100D4DB99 /* LaunchScreen.storyboard */; };
		8ACC212A295BFC0800DE104F /* DiaryListViewModel.swift in Sources */ = {isa = PBXBuildFile; fileRef = 8ACC2129295BFC0800DE104F /* DiaryListViewModel.swift */; };
		8AD3B6B62959772B008B296C /* CreateViewController.swift in Sources */ = {isa = PBXBuildFile; fileRef = 8AD3B6B52959772B008B296C /* CreateViewController.swift */; };
		8AD3B6B92959C51B008B296C /* Diary.swift in Sources */ = {isa = PBXBuildFile; fileRef = 8AD3B6B82959C51B008B296C /* Diary.swift */; };
		8AD5117A2961ADCD00A7B8FB /* DiaryDetailViewController.swift in Sources */ = {isa = PBXBuildFile; fileRef = 8AD511792961ADCD00A7B8FB /* DiaryDetailViewController.swift */; };
		8AD5117C2961B35700A7B8FB /* DiaryTableViewCell.swift in Sources */ = {isa = PBXBuildFile; fileRef = 8AD5117B2961B35700A7B8FB /* DiaryTableViewCell.swift */; };
/* End PBXBuildFile section */

/* Begin PBXFileReference section */
		8A3E84862958566000D4DB99 /* FutureDiary.app */ = {isa = PBXFileReference; explicitFileType = wrapper.application; includeInIndex = 0; path = FutureDiary.app; sourceTree = BUILT_PRODUCTS_DIR; };
		8A3E84892958566000D4DB99 /* AppDelegate.swift */ = {isa = PBXFileReference; lastKnownFileType = sourcecode.swift; path = AppDelegate.swift; sourceTree = "<group>"; };
		8A3E848B2958566000D4DB99 /* SceneDelegate.swift */ = {isa = PBXFileReference; lastKnownFileType = sourcecode.swift; path = SceneDelegate.swift; sourceTree = "<group>"; };
		8A3E848D2958566000D4DB99 /* MainViewController.swift */ = {isa = PBXFileReference; lastKnownFileType = sourcecode.swift; path = MainViewController.swift; sourceTree = "<group>"; };
		8A3E84902958566000D4DB99 /* Base */ = {isa = PBXFileReference; lastKnownFileType = file.storyboard; name = Base; path = Base.lproj/Main.storyboard; sourceTree = "<group>"; };
		8A3E84922958566100D4DB99 /* Assets.xcassets */ = {isa = PBXFileReference; lastKnownFileType = folder.assetcatalog; path = Assets.xcassets; sourceTree = "<group>"; };
		8A3E84952958566100D4DB99 /* Base */ = {isa = PBXFileReference; lastKnownFileType = file.storyboard; name = Base; path = Base.lproj/LaunchScreen.storyboard; sourceTree = "<group>"; };
		8A3E84972958566100D4DB99 /* Info.plist */ = {isa = PBXFileReference; lastKnownFileType = text.plist.xml; path = Info.plist; sourceTree = "<group>"; };
		8ACC2129295BFC0800DE104F /* DiaryListViewModel.swift */ = {isa = PBXFileReference; lastKnownFileType = sourcecode.swift; path = DiaryListViewModel.swift; sourceTree = "<group>"; };
		8AD3B6B52959772B008B296C /* CreateViewController.swift */ = {isa = PBXFileReference; lastKnownFileType = sourcecode.swift; path = CreateViewController.swift; sourceTree = "<group>"; };
		8AD3B6B82959C51B008B296C /* Diary.swift */ = {isa = PBXFileReference; lastKnownFileType = sourcecode.swift; path = Diary.swift; sourceTree = "<group>"; };
		8AD511792961ADCD00A7B8FB /* DiaryDetailViewController.swift */ = {isa = PBXFileReference; lastKnownFileType = sourcecode.swift; path = DiaryDetailViewController.swift; sourceTree = "<group>"; };
		8AD5117B2961B35700A7B8FB /* DiaryTableViewCell.swift */ = {isa = PBXFileReference; lastKnownFileType = sourcecode.swift; path = DiaryTableViewCell.swift; sourceTree = "<group>"; };
/* End PBXFileReference section */

/* Begin PBXFrameworksBuildPhase section */
		8A3E84832958566000D4DB99 /* Frameworks */ = {
			isa = PBXFrameworksBuildPhase;
			buildActionMask = 2147483647;
			files = (
			);
			runOnlyForDeploymentPostprocessing = 0;
		};
/* End PBXFrameworksBuildPhase section */

/* Begin PBXGroup section */
		8A3E847D2958566000D4DB99 = {
			isa = PBXGroup;
			children = (
				8A3E84882958566000D4DB99 /* FutureDiary */,
				8A3E84872958566000D4DB99 /* Products */,
			);
			sourceTree = "<group>";
		};
		8A3E84872958566000D4DB99 /* Products */ = {
			isa = PBXGroup;
			children = (
				8A3E84862958566000D4DB99 /* FutureDiary.app */,
			);
			name = Products;
			sourceTree = "<group>";
		};
		8A3E84882958566000D4DB99 /* FutureDiary */ = {
			isa = PBXGroup;
			children = (
				8ACC2128295BFBD300DE104F /* ViewModel */,
				8AD3B6B72959C507008B296C /* Model */,
				8AD3B6B4295976F1008B296C /* View */,
				8A3E849E295856A100D4DB99 /* Delegates */,
				8A3E849D2958567800D4DB99 /* SupportGroup */,
				8A3E84972958566100D4DB99 /* Info.plist */,
			);
			path = FutureDiary;
			sourceTree = "<group>";
		};
		8A3E849D2958567800D4DB99 /* SupportGroup */ = {
			isa = PBXGroup;
			children = (
				8A3E84942958566100D4DB99 /* LaunchScreen.storyboard */,
				8A3E84922958566100D4DB99 /* Assets.xcassets */,
				8A3E848B2958566000D4DB99 /* SceneDelegate.swift */,
				8A3E84892958566000D4DB99 /* AppDelegate.swift */,
			);
			path = SupportGroup;
			sourceTree = "<group>";
		};
		8A3E849E295856A100D4DB99 /* Delegates */ = {
			isa = PBXGroup;
			children = (
			);
			path = Delegates;
			sourceTree = "<group>";
		};
		8ACC2128295BFBD300DE104F /* ViewModel */ = {
			isa = PBXGroup;
			children = (
				8ACC2129295BFC0800DE104F /* DiaryListViewModel.swift */,
			);
			path = ViewModel;
			sourceTree = "<group>";
		};
		8AD3B6B4295976F1008B296C /* View */ = {
			isa = PBXGroup;
			children = (
				8A3E848D2958566000D4DB99 /* MainViewController.swift */,
				8A3E848F2958566000D4DB99 /* Main.storyboard */,
				8AD3B6B52959772B008B296C /* CreateViewController.swift */,
				8AD511792961ADCD00A7B8FB /* DiaryDetailViewController.swift */,
				8AD5117B2961B35700A7B8FB /* DiaryTableViewCell.swift */,
			);
			path = View;
			sourceTree = "<group>";
		};
		8AD3B6B72959C507008B296C /* Model */ = {
			isa = PBXGroup;
			children = (
				8AD3B6B82959C51B008B296C /* Diary.swift */,
			);
			path = Model;
			sourceTree = "<group>";
		};
/* End PBXGroup section */

/* Begin PBXNativeTarget section */
		8A3E84852958566000D4DB99 /* FutureDiary */ = {
			isa = PBXNativeTarget;
			buildConfigurationList = 8A3E849A2958566100D4DB99 /* Build configuration list for PBXNativeTarget "FutureDiary" */;
			buildPhases = (
				8A3E84822958566000D4DB99 /* Sources */,
				8A3E84832958566000D4DB99 /* Frameworks */,
				8A3E84842958566000D4DB99 /* Resources */,
			);
			buildRules = (
			);
			dependencies = (
			);
			name = FutureDiary;
			productName = FutureDiary;
			productReference = 8A3E84862958566000D4DB99 /* FutureDiary.app */;
			productType = "com.apple.product-type.application";
		};
/* End PBXNativeTarget section */

/* Begin PBXProject section */
		8A3E847E2958566000D4DB99 /* Project object */ = {
			isa = PBXProject;
			attributes = {
				BuildIndependentTargetsInParallel = 1;
				LastSwiftUpdateCheck = 1420;
				LastUpgradeCheck = 1420;
				TargetAttributes = {
					8A3E84852958566000D4DB99 = {
						CreatedOnToolsVersion = 14.2;
					};
				};
			};
			buildConfigurationList = 8A3E84812958566000D4DB99 /* Build configuration list for PBXProject "FutureDiary" */;
			compatibilityVersion = "Xcode 14.0";
			developmentRegion = en;
			hasScannedForEncodings = 0;
			knownRegions = (
				en,
				Base,
			);
			mainGroup = 8A3E847D2958566000D4DB99;
			productRefGroup = 8A3E84872958566000D4DB99 /* Products */;
			projectDirPath = "";
			projectRoot = "";
			targets = (
				8A3E84852958566000D4DB99 /* FutureDiary */,
			);
		};
/* End PBXProject section */

/* Begin PBXResourcesBuildPhase section */
		8A3E84842958566000D4DB99 /* Resources */ = {
			isa = PBXResourcesBuildPhase;
			buildActionMask = 2147483647;
			files = (
				8A3E84962958566100D4DB99 /* LaunchScreen.storyboard in Resources */,
				8A3E84932958566100D4DB99 /* Assets.xcassets in Resources */,
				8A3E84912958566000D4DB99 /* Main.storyboard in Resources */,
			);
			runOnlyForDeploymentPostprocessing = 0;
		};
/* End PBXResourcesBuildPhase section */

/* Begin PBXSourcesBuildPhase section */
		8A3E84822958566000D4DB99 /* Sources */ = {
			isa = PBXSourcesBuildPhase;
			buildActionMask = 2147483647;
			files = (
				8AD3B6B62959772B008B296C /* CreateViewController.swift in Sources */,
				8AD3B6B92959C51B008B296C /* Diary.swift in Sources */,
				8A3E848E2958566000D4DB99 /* MainViewController.swift in Sources */,
				8AD5117A2961ADCD00A7B8FB /* DiaryDetailViewController.swift in Sources */,
				8A3E848A2958566000D4DB99 /* AppDelegate.swift in Sources */,
				8ACC212A295BFC0800DE104F /* DiaryListViewModel.swift in Sources */,
				8A3E848C2958566000D4DB99 /* SceneDelegate.swift in Sources */,
				8AD5117C2961B35700A7B8FB /* DiaryTableViewCell.swift in Sources */,
			);
			runOnlyForDeploymentPostprocessing = 0;
		};
/* End PBXSourcesBuildPhase section */

/* Begin PBXVariantGroup section */
		8A3E848F2958566000D4DB99 /* Main.storyboard */ = {
			isa = PBXVariantGroup;
			children = (
				8A3E84902958566000D4DB99 /* Base */,
			);
			name = Main.storyboard;
			sourceTree = "<group>";
		};
		8A3E84942958566100D4DB99 /* LaunchScreen.storyboard */ = {
			isa = PBXVariantGroup;
			children = (
				8A3E84952958566100D4DB99 /* Base */,
			);
			name = LaunchScreen.storyboard;
			sourceTree = "<group>";
		};
/* End PBXVariantGroup section */

/* Begin XCBuildConfiguration section */
		8A3E84982958566100D4DB99 /* Debug */ = {
			isa = XCBuildConfiguration;
			buildSettings = {
				ALWAYS_SEARCH_USER_PATHS = NO;
				CLANG_ANALYZER_NONNULL = YES;
				CLANG_ANALYZER_NUMBER_OBJECT_CONVERSION = YES_AGGRESSIVE;
				CLANG_CXX_LANGUAGE_STANDARD = "gnu++20";
				CLANG_ENABLE_MODULES = YES;
				CLANG_ENABLE_OBJC_ARC = YES;
				CLANG_ENABLE_OBJC_WEAK = YES;
				CLANG_WARN_BLOCK_CAPTURE_AUTORELEASING = YES;
				CLANG_WARN_BOOL_CONVERSION = YES;
				CLANG_WARN_COMMA = YES;
				CLANG_WARN_CONSTANT_CONVERSION = YES;
				CLANG_WARN_DEPRECATED_OBJC_IMPLEMENTATIONS = YES;
				CLANG_WARN_DIRECT_OBJC_ISA_USAGE = YES_ERROR;
				CLANG_WARN_DOCUMENTATION_COMMENTS = YES;
				CLANG_WARN_EMPTY_BODY = YES;
				CLANG_WARN_ENUM_CONVERSION = YES;
				CLANG_WARN_INFINITE_RECURSION = YES;
				CLANG_WARN_INT_CONVERSION = YES;
				CLANG_WARN_NON_LITERAL_NULL_CONVERSION = YES;
				CLANG_WARN_OBJC_IMPLICIT_RETAIN_SELF = YES;
				CLANG_WARN_OBJC_LITERAL_CONVERSION = YES;
				CLANG_WARN_OBJC_ROOT_CLASS = YES_ERROR;
				CLANG_WARN_QUOTED_INCLUDE_IN_FRAMEWORK_HEADER = YES;
				CLANG_WARN_RANGE_LOOP_ANALYSIS = YES;
				CLANG_WARN_STRICT_PROTOTYPES = YES;
				CLANG_WARN_SUSPICIOUS_MOVE = YES;
				CLANG_WARN_UNGUARDED_AVAILABILITY = YES_AGGRESSIVE;
				CLANG_WARN_UNREACHABLE_CODE = YES;
				CLANG_WARN__DUPLICATE_METHOD_MATCH = YES;
				COPY_PHASE_STRIP = NO;
				DEBUG_INFORMATION_FORMAT = dwarf;
				ENABLE_STRICT_OBJC_MSGSEND = YES;
				ENABLE_TESTABILITY = YES;
				GCC_C_LANGUAGE_STANDARD = gnu11;
				GCC_DYNAMIC_NO_PIC = NO;
				GCC_NO_COMMON_BLOCKS = YES;
				GCC_OPTIMIZATION_LEVEL = 0;
				GCC_PREPROCESSOR_DEFINITIONS = (
					"DEBUG=1",
					"$(inherited)",
				);
				GCC_WARN_64_TO_32_BIT_CONVERSION = YES;
				GCC_WARN_ABOUT_RETURN_TYPE = YES_ERROR;
				GCC_WARN_UNDECLARED_SELECTOR = YES;
				GCC_WARN_UNINITIALIZED_AUTOS = YES_AGGRESSIVE;
				GCC_WARN_UNUSED_FUNCTION = YES;
				GCC_WARN_UNUSED_VARIABLE = YES;
				IPHONEOS_DEPLOYMENT_TARGET = 16.2;
				MTL_ENABLE_DEBUG_INFO = INCLUDE_SOURCE;
				MTL_FAST_MATH = YES;
				ONLY_ACTIVE_ARCH = YES;
				SDKROOT = iphoneos;
				SWIFT_ACTIVE_COMPILATION_CONDITIONS = DEBUG;
				SWIFT_OPTIMIZATION_LEVEL = "-Onone";
			};
			name = Debug;
		};
		8A3E84992958566100D4DB99 /* Release */ = {
			isa = XCBuildConfiguration;
			buildSettings = {
				ALWAYS_SEARCH_USER_PATHS = NO;
				CLANG_ANALYZER_NONNULL = YES;
				CLANG_ANALYZER_NUMBER_OBJECT_CONVERSION = YES_AGGRESSIVE;
				CLANG_CXX_LANGUAGE_STANDARD = "gnu++20";
				CLANG_ENABLE_MODULES = YES;
				CLANG_ENABLE_OBJC_ARC = YES;
				CLANG_ENABLE_OBJC_WEAK = YES;
				CLANG_WARN_BLOCK_CAPTURE_AUTORELEASING = YES;
				CLANG_WARN_BOOL_CONVERSION = YES;
				CLANG_WARN_COMMA = YES;
				CLANG_WARN_CONSTANT_CONVERSION = YES;
				CLANG_WARN_DEPRECATED_OBJC_IMPLEMENTATIONS = YES;
				CLANG_WARN_DIRECT_OBJC_ISA_USAGE = YES_ERROR;
				CLANG_WARN_DOCUMENTATION_COMMENTS = YES;
				CLANG_WARN_EMPTY_BODY = YES;
				CLANG_WARN_ENUM_CONVERSION = YES;
				CLANG_WARN_INFINITE_RECURSION = YES;
				CLANG_WARN_INT_CONVERSION = YES;
				CLANG_WARN_NON_LITERAL_NULL_CONVERSION = YES;
				CLANG_WARN_OBJC_IMPLICIT_RETAIN_SELF = YES;
				CLANG_WARN_OBJC_LITERAL_CONVERSION = YES;
				CLANG_WARN_OBJC_ROOT_CLASS = YES_ERROR;
				CLANG_WARN_QUOTED_INCLUDE_IN_FRAMEWORK_HEADER = YES;
				CLANG_WARN_RANGE_LOOP_ANALYSIS = YES;
				CLANG_WARN_STRICT_PROTOTYPES = YES;
				CLANG_WARN_SUSPICIOUS_MOVE = YES;
				CLANG_WARN_UNGUARDED_AVAILABILITY = YES_AGGRESSIVE;
				CLANG_WARN_UNREACHABLE_CODE = YES;
				CLANG_WARN__DUPLICATE_METHOD_MATCH = YES;
				COPY_PHASE_STRIP = NO;
				DEBUG_INFORMATION_FORMAT = "dwarf-with-dsym";
				ENABLE_NS_ASSERTIONS = NO;
				ENABLE_STRICT_OBJC_MSGSEND = YES;
				GCC_C_LANGUAGE_STANDARD = gnu11;
				GCC_NO_COMMON_BLOCKS = YES;
				GCC_WARN_64_TO_32_BIT_CONVERSION = YES;
				GCC_WARN_ABOUT_RETURN_TYPE = YES_ERROR;
				GCC_WARN_UNDECLARED_SELECTOR = YES;
				GCC_WARN_UNINITIALIZED_AUTOS = YES_AGGRESSIVE;
				GCC_WARN_UNUSED_FUNCTION = YES;
				GCC_WARN_UNUSED_VARIABLE = YES;
				IPHONEOS_DEPLOYMENT_TARGET = 16.2;
				MTL_ENABLE_DEBUG_INFO = NO;
				MTL_FAST_MATH = YES;
				SDKROOT = iphoneos;
				SWIFT_COMPILATION_MODE = wholemodule;
				SWIFT_OPTIMIZATION_LEVEL = "-O";
				VALIDATE_PRODUCT = YES;
			};
			name = Release;
		};
		8A3E849B2958566100D4DB99 /* Debug */ = {
			isa = XCBuildConfiguration;
			buildSettings = {
				ASSETCATALOG_COMPILER_APPICON_NAME = AppIcon;
				ASSETCATALOG_COMPILER_GLOBAL_ACCENT_COLOR_NAME = AccentColor;
				CODE_SIGN_STYLE = Automatic;
				CURRENT_PROJECT_VERSION = 1;
				DEVELOPMENT_TEAM = MZCFNY8DU5;
				GENERATE_INFOPLIST_FILE = YES;
				INFOPLIST_FILE = FutureDiary/Info.plist;
				INFOPLIST_KEY_UIApplicationSupportsIndirectInputEvents = YES;
				INFOPLIST_KEY_UILaunchStoryboardName = LaunchScreen;
				INFOPLIST_KEY_UIMainStoryboardFile = Main;
				INFOPLIST_KEY_UIStatusBarStyle = "";
				INFOPLIST_KEY_UISupportedInterfaceOrientations_iPad = "UIInterfaceOrientationPortrait UIInterfaceOrientationPortraitUpsideDown UIInterfaceOrientationLandscapeLeft UIInterfaceOrientationLandscapeRight";
				INFOPLIST_KEY_UISupportedInterfaceOrientations_iPhone = "UIInterfaceOrientationPortrait UIInterfaceOrientationLandscapeLeft UIInterfaceOrientationLandscapeRight";
				IPHONEOS_DEPLOYMENT_TARGET = 14.0;
				LD_RUNPATH_SEARCH_PATHS = (
					"$(inherited)",
					"@executable_path/Frameworks",
				);
				MARKETING_VERSION = 1.0;
				PRODUCT_BUNDLE_IDENTIFIER = com.minjun7410.FutureDiary;
				PRODUCT_NAME = "$(TARGET_NAME)";
				SWIFT_EMIT_LOC_STRINGS = YES;
				SWIFT_VERSION = 5.0;
				TARGETED_DEVICE_FAMILY = "1,2";
			};
			name = Debug;
		};
		8A3E849C2958566100D4DB99 /* Release */ = {
			isa = XCBuildConfiguration;
			buildSettings = {
				ASSETCATALOG_COMPILER_APPICON_NAME = AppIcon;
				ASSETCATALOG_COMPILER_GLOBAL_ACCENT_COLOR_NAME = AccentColor;
				CODE_SIGN_STYLE = Automatic;
				CURRENT_PROJECT_VERSION = 1;
				DEVELOPMENT_TEAM = MZCFNY8DU5;
				GENERATE_INFOPLIST_FILE = YES;
				INFOPLIST_FILE = FutureDiary/Info.plist;
				INFOPLIST_KEY_UIApplicationSupportsIndirectInputEvents = YES;
				INFOPLIST_KEY_UILaunchStoryboardName = LaunchScreen;
				INFOPLIST_KEY_UIMainStoryboardFile = Main;
				INFOPLIST_KEY_UIStatusBarStyle = "";
				INFOPLIST_KEY_UISupportedInterfaceOrientations_iPad = "UIInterfaceOrientationPortrait UIInterfaceOrientationPortraitUpsideDown UIInterfaceOrientationLandscapeLeft UIInterfaceOrientationLandscapeRight";
				INFOPLIST_KEY_UISupportedInterfaceOrientations_iPhone = "UIInterfaceOrientationPortrait UIInterfaceOrientationLandscapeLeft UIInterfaceOrientationLandscapeRight";
				IPHONEOS_DEPLOYMENT_TARGET = 14.0;
				LD_RUNPATH_SEARCH_PATHS = (
					"$(inherited)",
					"@executable_path/Frameworks",
				);
				MARKETING_VERSION = 1.0;
				PRODUCT_BUNDLE_IDENTIFIER = com.minjun7410.FutureDiary;
				PRODUCT_NAME = "$(TARGET_NAME)";
				SWIFT_EMIT_LOC_STRINGS = YES;
				SWIFT_VERSION = 5.0;
				TARGETED_DEVICE_FAMILY = "1,2";
			};
			name = Release;
		};
/* End XCBuildConfiguration section */

/* Begin XCConfigurationList section */
		8A3E84812958566000D4DB99 /* Build configuration list for PBXProject "FutureDiary" */ = {
			isa = XCConfigurationList;
			buildConfigurations = (
				8A3E84982958566100D4DB99 /* Debug */,
				8A3E84992958566100D4DB99 /* Release */,
			);
			defaultConfigurationIsVisible = 0;
			defaultConfigurationName = Release;
		};
		8A3E849A2958566100D4DB99 /* Build configuration list for PBXNativeTarget "FutureDiary" */ = {
			isa = XCConfigurationList;
			buildConfigurations = (
				8A3E849B2958566100D4DB99 /* Debug */,
				8A3E849C2958566100D4DB99 /* Release */,
			);
			defaultConfigurationIsVisible = 0;
			defaultConfigurationName = Release;
		};
/* End XCConfigurationList section */
	};
	rootObject = 8A3E847E2958566000D4DB99 /* Project object */;
}
